// !$*UTF8*$!
{
	archiveVersion = 1;
	classes = {
	};
	objectVersion = 46;
	objects = {

/* Begin PBXFileReference section */
		DFDF04FE1A9F71530006D752 /* Sort.html */ = {isa = PBXFileReference; lastKnownFileType = text.html; path = Sort.html; sourceTree = "<group>"; };
/* End PBXFileReference section */

/* Begin PBXGroup section */
		DFDF04F71A9F71490006D752 = {
			isa = PBXGroup;
			children = (
				DFDF04FE1A9F71530006D752 /* Sort.html */,
			);
			sourceTree = "<group>";
		};
/* End PBXGroup section */

/* Begin PBXProject section */
		DFDF04F81A9F71490006D752 /* Project object */ = {
			isa = PBXProject;
			attributes = {
				LastUpgradeCheck = 0610;
			};
			buildConfigurationList = DFDF04FB1A9F71490006D752 /* Build configuration list for PBXProject "MassTableSort" */;
			compatibilityVersion = "Xcode 3.2";
			developmentRegion = English;
			hasScannedForEncodings = 0;
			knownRegions = (
				en,
			);
			mainGroup = DFDF04F71A9F71490006D752;
			projectDirPath = "";
			projectRoot = "";
			targets = (
			);
		};
/* End PBXProject section */

/* Begin XCBuildConfiguration section */
		DFDF04FC1A9F71490006D752 /* Debug */ = {
			isa = XCBuildConfiguration;
			buildSettings = {
			};
			name = Debug;
		};
		DFDF04FD1A9F71490006D752 /* Release */ = {
			isa = XCBuildConfiguration;
			buildSettings = {
			};
			name = Release;
		};
/* End XCBuildConfiguration section */

/* Begin XCConfigurationList section */
		DFDF04FB1A9F71490006D752 /* Build configuration list for PBXProject "MassTableSort" */ = {
			isa = XCConfigurationList;
			buildConfigurations = (
				DFDF04FC1A9F71490006D752 /* Debug */,
				DFDF04FD1A9F71490006D752 /* Release */,
			);
			defaultConfigurationIsVisible = 0;
			defaultConfigurationName = Release;
		};
/* End XCConfigurationList section */
	};
	rootObject = DFDF04F81A9F71490006D752 /* Project object */;
}
